
Microsoft Visual Studio Solution File, Format Version 12.00
# Visual Studio 15
VisualStudioVersion = 15.0.27703.2042
MinimumVisualStudioVersion = 10.0.40219.1
Project("{8BC9CEB8-8B4A-11D0-8D11-00A0C91BC942}") = "Binary Functions", "Binary Functions\Binary Functions.vcxproj", "{ADC14B8B-29AD-444E-9793-BC2E8EE5AFA6}"
EndProject
Global
	GlobalSection(SolutionConfigurationPlatforms) = preSolution
		Debug|x64 = Debug|x64
		Debug|x86 = Debug|x86
		Release|x64 = Release|x64
		Release|x86 = Release|x86
	EndGlobalSection
	GlobalSection(ProjectConfigurationPlatforms) = postSolution
		{ADC14B8B-29AD-444E-9793-BC2E8EE5AFA6}.Debug|x64.ActiveCfg = Debug|x64
		{ADC14B8B-29AD-444E-9793-BC2E8EE5AFA6}.Debug|x64.Build.0 = Debug|x64
		{ADC14B8B-29AD-444E-9793-BC2E8EE5AFA6}.Debug|x86.ActiveCfg = Debug|Win32
		{ADC14B8B-29AD-444E-9793-BC2E8EE5AFA6}.Debug|x86.Build.0 = Debug|Win32
		{ADC14B8B-29AD-444E-9793-BC2E8EE5AFA6}.Release|x64.ActiveCfg = Release|x64
		{ADC14B8B-29AD-444E-9793-BC2E8EE5AFA6}.Release|x64.Build.0 = Release|x64
		{ADC14B8B-29AD-444E-9793-BC2E8EE5AFA6}.Release|x86.ActiveCfg = Release|Win32
		{ADC14B8B-29AD-444E-9793-BC2E8EE5AFA6}.Release|x86.Build.0 = Release|Win32
	EndGlobalSection
	GlobalSection(SolutionProperties) = preSolution
		HideSolutionNode = FALSE
	EndGlobalSection
	GlobalSection(ExtensibilityGlobals) = postSolution
		SolutionGuid = {0497E745-2CF9-4461-9480-9AE868D7191F}
	EndGlobalSection
EndGlobal
