
Microsoft Visual Studio Solution File, Format Version 12.00
# Visual Studio 15
VisualStudioVersion = 15.0.27703.2042
MinimumVisualStudioVersion = 10.0.40219.1
Project("{8BC9CEB8-8B4A-11D0-8D11-00A0C91BC942}") = "Binary Tree", "Binary Tree\Binary Tree.vcxproj", "{B783FB21-2F39-4D78-B722-9617EF047D19}"
EndProject
Global
	GlobalSection(SolutionConfigurationPlatforms) = preSolution
		Debug|x64 = Debug|x64
		Debug|x86 = Debug|x86
		Release|x64 = Release|x64
		Release|x86 = Release|x86
	EndGlobalSection
	GlobalSection(ProjectConfigurationPlatforms) = postSolution
		{B783FB21-2F39-4D78-B722-9617EF047D19}.Debug|x64.ActiveCfg = Debug|x64
		{B783FB21-2F39-4D78-B722-9617EF047D19}.Debug|x64.Build.0 = Debug|x64
		{B783FB21-2F39-4D78-B722-9617EF047D19}.Debug|x86.ActiveCfg = Debug|Win32
		{B783FB21-2F39-4D78-B722-9617EF047D19}.Debug|x86.Build.0 = Debug|Win32
		{B783FB21-2F39-4D78-B722-9617EF047D19}.Release|x64.ActiveCfg = Release|x64
		{B783FB21-2F39-4D78-B722-9617EF047D19}.Release|x64.Build.0 = Release|x64
		{B783FB21-2F39-4D78-B722-9617EF047D19}.Release|x86.ActiveCfg = Release|Win32
		{B783FB21-2F39-4D78-B722-9617EF047D19}.Release|x86.Build.0 = Release|Win32
	EndGlobalSection
	GlobalSection(SolutionProperties) = preSolution
		HideSolutionNode = FALSE
	EndGlobalSection
	GlobalSection(ExtensibilityGlobals) = postSolution
		SolutionGuid = {118C93FA-73D6-42E4-A119-E5658873B0D4}
	EndGlobalSection
EndGlobal
