
Microsoft Visual Studio Solution File, Format Version 12.00
# Visual Studio 15
VisualStudioVersion = 15.0.27703.2042
MinimumVisualStudioVersion = 10.0.40219.1
Project("{FAE04EC0-301F-11D3-BF4B-00C04F79EFBC}") = "WindowsFormsApp1", "WindowsFormsApp1\WindowsFormsApp1.csproj", "{3AC4D5DA-C263-4D24-B5C3-B159F93DD014}"
EndProject
Global
	GlobalSection(SolutionConfigurationPlatforms) = preSolution
		Debug|Any CPU = Debug|Any CPU
		Release|Any CPU = Release|Any CPU
	EndGlobalSection
	GlobalSection(ProjectConfigurationPlatforms) = postSolution
		{3AC4D5DA-C263-4D24-B5C3-B159F93DD014}.Debug|Any CPU.ActiveCfg = Debug|Any CPU
		{3AC4D5DA-C263-4D24-B5C3-B159F93DD014}.Debug|Any CPU.Build.0 = Debug|Any CPU
		{3AC4D5DA-C263-4D24-B5C3-B159F93DD014}.Release|Any CPU.ActiveCfg = Release|Any CPU
		{3AC4D5DA-C263-4D24-B5C3-B159F93DD014}.Release|Any CPU.Build.0 = Release|Any CPU
	EndGlobalSection
	GlobalSection(SolutionProperties) = preSolution
		HideSolutionNode = FALSE
	EndGlobalSection
	GlobalSection(ExtensibilityGlobals) = postSolution
		SolutionGuid = {0ADD6A4D-29F6-450B-B205-2F5F7EF62579}
	EndGlobalSection
EndGlobal
